Microsoft Visual Studio Solution File, Format Version 12.00
# Visual Studio 2012
Project("{FAE04EC0-301F-11D3-BF4B-00C04F79EFBC}") = "CurvasParametricas", "CurvasParametricas.csproj", "{7D94C487-192E-4292-8D57-CD76921FE04E}"
EndProject
Global
	GlobalSection(SolutionConfigurationPlatforms) = preSolution
	Debug|Any CPU = Debug|Any CPU
	ExportDebug|Any CPU = ExportDebug|Any CPU
	ExportRelease|Any CPU = ExportRelease|Any CPU
	EndGlobalSection
	GlobalSection(ProjectConfigurationPlatforms) = postSolution
		{7D94C487-192E-4292-8D57-CD76921FE04E}.Debug|Any CPU.ActiveCfg = Debug|Any CPU
		{7D94C487-192E-4292-8D57-CD76921FE04E}.Debug|Any CPU.Build.0 = Debug|Any CPU
		{7D94C487-192E-4292-8D57-CD76921FE04E}.ExportDebug|Any CPU.ActiveCfg = ExportDebug|Any CPU
		{7D94C487-192E-4292-8D57-CD76921FE04E}.ExportDebug|Any CPU.Build.0 = ExportDebug|Any CPU
		{7D94C487-192E-4292-8D57-CD76921FE04E}.ExportRelease|Any CPU.ActiveCfg = ExportRelease|Any CPU
		{7D94C487-192E-4292-8D57-CD76921FE04E}.ExportRelease|Any CPU.Build.0 = ExportRelease|Any CPU
	EndGlobalSection
EndGlobal
